
Microsoft Visual Studio Solution File, Format Version 12.00
# Visual Studio Version 16
VisualStudioVersion = 16.0.30717.126
MinimumVisualStudioVersion = 10.0.40219.1
Project("{9A19103F-16F7-4668-BE54-9A1E7A4F7556}") = "FACLSchichtbericht", "FACLSchichtbericht\FACLSchichtbericht.csproj", "{BBA41120-4B73-4534-9C09-B779BDC5713B}"
EndProject
Global
	GlobalSection(SolutionConfigurationPlatforms) = preSolution
		Debug|Any CPU = Debug|Any CPU
		Release|Any CPU = Release|Any CPU
	EndGlobalSection
	GlobalSection(ProjectConfigurationPlatforms) = postSolution
		{BBA41120-4B73-4534-9C09-B779BDC5713B}.Debug|Any CPU.ActiveCfg = Debug|Any CPU
		{BBA41120-4B73-4534-9C09-B779BDC5713B}.Debug|Any CPU.Build.0 = Debug|Any CPU
		{BBA41120-4B73-4534-9C09-B779BDC5713B}.Release|Any CPU.ActiveCfg = Release|Any CPU
		{BBA41120-4B73-4534-9C09-B779BDC5713B}.Release|Any CPU.Build.0 = Release|Any CPU
	EndGlobalSection
	GlobalSection(SolutionProperties) = preSolution
		HideSolutionNode = FALSE
	EndGlobalSection
	GlobalSection(ExtensibilityGlobals) = postSolution
		SolutionGuid = {9216370A-FCCD-4C80-ABF2-E0B53FF4FDD0}
	EndGlobalSection
EndGlobal
